
Microsoft Visual Studio Solution File, Format Version 12.00
# Visual Studio Version 17
VisualStudioVersion = 17.4.33213.308
MinimumVisualStudioVersion = 10.0.40219.1
Project("{888888A0-9F3D-457C-B088-3A5042F75D52}") = "index", "index.pyproj", "{AD69A9D1-5DAD-40C0-821B-ACA62CB95E0A}"
EndProject
Global
	GlobalSection(SolutionConfigurationPlatforms) = preSolution
		Debug|Any CPU = Debug|Any CPU
		Release|Any CPU = Release|Any CPU
	EndGlobalSection
	GlobalSection(ProjectConfigurationPlatforms) = postSolution
		{AD69A9D1-5DAD-40C0-821B-ACA62CB95E0A}.Debug|Any CPU.ActiveCfg = Debug|Any CPU
		{AD69A9D1-5DAD-40C0-821B-ACA62CB95E0A}.Release|Any CPU.ActiveCfg = Release|Any CPU
	EndGlobalSection
	GlobalSection(SolutionProperties) = preSolution
		HideSolutionNode = FALSE
	EndGlobalSection
	GlobalSection(ExtensibilityGlobals) = postSolution
		SolutionGuid = {A348CC1B-53DE-48B1-8294-0F1DB5CFDA49}
	EndGlobalSection
EndGlobal
